// !$*UTF8*$!
{
	archiveVersion = 1;
	classes = {
	};
	objectVersion = 46;
	objects = {

/* Begin PBXBuildFile section */
		A0704D341C51440000B9300B /* main.m in Sources */ = {isa = PBXBuildFile; fileRef = A0704D331C51440000B9300B /* main.m */; };
		A0704D451C51476100B9300B /* Animal.m in Sources */ = {isa = PBXBuildFile; fileRef = A0704D441C51476100B9300B /* Animal.m */; };
		A0704D481C514C5D00B9300B /* Bird.m in Sources */ = {isa = PBXBuildFile; fileRef = A0704D471C514C5D00B9300B /* Bird.m */; };
		A0704D4B1C514C6F00B9300B /* Fish.m in Sources */ = {isa = PBXBuildFile; fileRef = A0704D4A1C514C6F00B9300B /* Fish.m */; };
		A0AB8DBC1C5A664800204E08 /* NSMutableArray.m in Sources */ = {isa = PBXBuildFile; fileRef = A0AB8DBB1C5A664800204E08 /* NSMutableArray.m */; };
		A0AB8DC21C5A898500204E08 /* CatchFish.m in Sources */ = {isa = PBXBuildFile; fileRef = A0AB8DC11C5A898500204E08 /* CatchFish.m */; };
/* End PBXBuildFile section */

/* Begin PBXCopyFilesBuildPhase section */
		A0704D2E1C51440000B9300B /* CopyFiles */ = {
			isa = PBXCopyFilesBuildPhase;
			buildActionMask = 2147483647;
			dstPath = /usr/share/man/man1/;
			dstSubfolderSpec = 0;
			files = (
			);
			runOnlyForDeploymentPostprocessing = 1;
		};
/* End PBXCopyFilesBuildPhase section */

/* Begin PBXFileReference section */
		A0704D301C51440000B9300B /* iOSTestOne */ = {isa = PBXFileReference; explicitFileType = "compiled.mach-o.executable"; includeInIndex = 0; path = iOSTestOne; sourceTree = BUILT_PRODUCTS_DIR; };
		A0704D331C51440000B9300B /* main.m */ = {isa = PBXFileReference; lastKnownFileType = sourcecode.c.objc; path = main.m; sourceTree = "<group>"; };
		A0704D431C51476100B9300B /* Animal.h */ = {isa = PBXFileReference; fileEncoding = 4; lastKnownFileType = sourcecode.c.h; path = Animal.h; sourceTree = "<group>"; };
		A0704D441C51476100B9300B /* Animal.m */ = {isa = PBXFileReference; fileEncoding = 4; lastKnownFileType = sourcecode.c.objc; path = Animal.m; sourceTree = "<group>"; };
		A0704D461C514C5D00B9300B /* Bird.h */ = {isa = PBXFileReference; fileEncoding = 4; lastKnownFileType = sourcecode.c.h; path = Bird.h; sourceTree = "<group>"; };
		A0704D471C514C5D00B9300B /* Bird.m */ = {isa = PBXFileReference; fileEncoding = 4; lastKnownFileType = sourcecode.c.objc; path = Bird.m; sourceTree = "<group>"; };
		A0704D491C514C6F00B9300B /* Fish.h */ = {isa = PBXFileReference; fileEncoding = 4; lastKnownFileType = sourcecode.c.h; path = Fish.h; sourceTree = "<group>"; };
		A0704D4A1C514C6F00B9300B /* Fish.m */ = {isa = PBXFileReference; fileEncoding = 4; lastKnownFileType = sourcecode.c.objc; path = Fish.m; sourceTree = "<group>"; };
		A0AB8DBA1C5A664800204E08 /* NSMutableArray.h */ = {isa = PBXFileReference; fileEncoding = 4; lastKnownFileType = sourcecode.c.h; path = NSMutableArray.h; sourceTree = "<group>"; };
		A0AB8DBB1C5A664800204E08 /* NSMutableArray.m */ = {isa = PBXFileReference; fileEncoding = 4; lastKnownFileType = sourcecode.c.objc; path = NSMutableArray.m; sourceTree = "<group>"; };
		A0AB8DBD1C5A809200204E08 /* CatchFishDelegate.h */ = {isa = PBXFileReference; fileEncoding = 4; lastKnownFileType = sourcecode.c.h; path = CatchFishDelegate.h; sourceTree = "<group>"; };
		A0AB8DC01C5A898500204E08 /* CatchFish.h */ = {isa = PBXFileReference; fileEncoding = 4; lastKnownFileType = sourcecode.c.h; path = CatchFish.h; sourceTree = "<group>"; };
		A0AB8DC11C5A898500204E08 /* CatchFish.m */ = {isa = PBXFileReference; fileEncoding = 4; lastKnownFileType = sourcecode.c.objc; path = CatchFish.m; sourceTree = "<group>"; };
/* End PBXFileReference section */

/* Begin PBXFrameworksBuildPhase section */
		A0704D2D1C51440000B9300B /* Frameworks */ = {
			isa = PBXFrameworksBuildPhase;
			buildActionMask = 2147483647;
			files = (
			);
			runOnlyForDeploymentPostprocessing = 0;
		};
/* End PBXFrameworksBuildPhase section */

/* Begin PBXGroup section */
		A0704D271C51440000B9300B = {
			isa = PBXGroup;
			children = (
				A0704D321C51440000B9300B /* iOSTestOne */,
				A0704D311C51440000B9300B /* Products */,
			);
			sourceTree = "<group>";
		};
		A0704D311C51440000B9300B /* Products */ = {
			isa = PBXGroup;
			children = (
				A0704D301C51440000B9300B /* iOSTestOne */,
			);
			name = Products;
			sourceTree = "<group>";
		};
		A0704D321C51440000B9300B /* iOSTestOne */ = {
			isa = PBXGroup;
			children = (
				A0704D331C51440000B9300B /* main.m */,
				A0704D431C51476100B9300B /* Animal.h */,
				A0704D441C51476100B9300B /* Animal.m */,
				A0704D461C514C5D00B9300B /* Bird.h */,
				A0704D471C514C5D00B9300B /* Bird.m */,
				A0704D491C514C6F00B9300B /* Fish.h */,
				A0704D4A1C514C6F00B9300B /* Fish.m */,
				A0AB8DBA1C5A664800204E08 /* NSMutableArray.h */,
				A0AB8DBB1C5A664800204E08 /* NSMutableArray.m */,
				A0AB8DC01C5A898500204E08 /* CatchFish.h */,
				A0AB8DC11C5A898500204E08 /* CatchFish.m */,
				A0AB8DBD1C5A809200204E08 /* CatchFishDelegate.h */,
			);
			path = iOSTestOne;
			sourceTree = "<group>";
		};
/* End PBXGroup section */

/* Begin PBXNativeTarget section */
		A0704D2F1C51440000B9300B /* iOSTestOne */ = {
			isa = PBXNativeTarget;
			buildConfigurationList = A0704D371C51440000B9300B /* Build configuration list for PBXNativeTarget "iOSTestOne" */;
			buildPhases = (
				A0704D2C1C51440000B9300B /* Sources */,
				A0704D2D1C51440000B9300B /* Frameworks */,
				A0704D2E1C51440000B9300B /* CopyFiles */,
			);
			buildRules = (
			);
			dependencies = (
			);
			name = iOSTestOne;
			productName = iOSTestOne;
			productReference = A0704D301C51440000B9300B /* iOSTestOne */;
			productType = "com.apple.product-type.tool";
		};
/* End PBXNativeTarget section */

/* Begin PBXProject section */
		A0704D281C51440000B9300B /* Project object */ = {
			isa = PBXProject;
			attributes = {
				LastUpgradeCheck = 0710;
				ORGANIZATIONNAME = Wu;
				TargetAttributes = {
					A0704D2F1C51440000B9300B = {
						CreatedOnToolsVersion = 7.1;
					};
				};
			};
			buildConfigurationList = A0704D2B1C51440000B9300B /* Build configuration list for PBXProject "iOSTestOne" */;
			compatibilityVersion = "Xcode 3.2";
			developmentRegion = English;
			hasScannedForEncodings = 0;
			knownRegions = (
				en,
			);
			mainGroup = A0704D271C51440000B9300B;
			productRefGroup = A0704D311C51440000B9300B /* Products */;
			projectDirPath = "";
			projectRoot = "";
			targets = (
				A0704D2F1C51440000B9300B /* iOSTestOne */,
			);
		};
/* End PBXProject section */

/* Begin PBXSourcesBuildPhase section */
		A0704D2C1C51440000B9300B /* Sources */ = {
			isa = PBXSourcesBuildPhase;
			buildActionMask = 2147483647;
			files = (
				A0704D341C51440000B9300B /* main.m in Sources */,
				A0AB8DC21C5A898500204E08 /* CatchFish.m in Sources */,
				A0704D451C51476100B9300B /* Animal.m in Sources */,
				A0704D481C514C5D00B9300B /* Bird.m in Sources */,
				A0704D4B1C514C6F00B9300B /* Fish.m in Sources */,
				A0AB8DBC1C5A664800204E08 /* NSMutableArray.m in Sources */,
			);
			runOnlyForDeploymentPostprocessing = 0;
		};
/* End PBXSourcesBuildPhase section */

/* Begin XCBuildConfiguration section */
		A0704D351C51440000B9300B /* Debug */ = {
			isa = XCBuildConfiguration;
			buildSettings = {
				ALWAYS_SEARCH_USER_PATHS = NO;
				CLANG_CXX_LANGUAGE_STANDARD = "gnu++0x";
				CLANG_CXX_LIBRARY = "libc++";
				CLANG_ENABLE_MODULES = YES;
				CLANG_ENABLE_OBJC_ARC = YES;
				CLANG_WARN_BOOL_CONVERSION = YES;
				CLANG_WARN_CONSTANT_CONVERSION = YES;
				CLANG_WARN_DIRECT_OBJC_ISA_USAGE = YES_ERROR;
				CLANG_WARN_EMPTY_BODY = YES;
				CLANG_WARN_ENUM_CONVERSION = YES;
				CLANG_WARN_INT_CONVERSION = YES;
				CLANG_WARN_OBJC_ROOT_CLASS = YES_ERROR;
				CLANG_WARN_UNREACHABLE_CODE = YES;
				CLANG_WARN__DUPLICATE_METHOD_MATCH = YES;
				CODE_SIGN_IDENTITY = "-";
				COPY_PHASE_STRIP = NO;
				DEBUG_INFORMATION_FORMAT = dwarf;
				ENABLE_STRICT_OBJC_MSGSEND = YES;
				ENABLE_TESTABILITY = YES;
				GCC_C_LANGUAGE_STANDARD = gnu99;
				GCC_DYNAMIC_NO_PIC = NO;
				GCC_NO_COMMON_BLOCKS = YES;
				GCC_OPTIMIZATION_LEVEL = 0;
				GCC_PREPROCESSOR_DEFINITIONS = (
					"DEBUG=1",
					"$(inherited)",
				);
				GCC_WARN_64_TO_32_BIT_CONVERSION = YES;
				GCC_WARN_ABOUT_RETURN_TYPE = YES_ERROR;
				GCC_WARN_UNDECLARED_SELECTOR = YES;
				GCC_WARN_UNINITIALIZED_AUTOS = YES_AGGRESSIVE;
				GCC_WARN_UNUSED_FUNCTION = YES;
				GCC_WARN_UNUSED_VARIABLE = YES;
				MACOSX_DEPLOYMENT_TARGET = 10.11;
				MTL_ENABLE_DEBUG_INFO = YES;
				ONLY_ACTIVE_ARCH = YES;
				SDKROOT = macosx;
			};
			name = Debug;
		};
		A0704D361C51440000B9300B /* Release */ = {
			isa = XCBuildConfiguration;
			buildSettings = {
				ALWAYS_SEARCH_USER_PATHS = NO;
				CLANG_CXX_LANGUAGE_STANDARD = "gnu++0x";
				CLANG_CXX_LIBRARY = "libc++";
				CLANG_ENABLE_MODULES = YES;
				CLANG_ENABLE_OBJC_ARC = YES;
				CLANG_WARN_BOOL_CONVERSION = YES;
				CLANG_WARN_CONSTANT_CONVERSION = YES;
				CLANG_WARN_DIRECT_OBJC_ISA_USAGE = YES_ERROR;
				CLANG_WARN_EMPTY_BODY = YES;
				CLANG_WARN_ENUM_CONVERSION = YES;
				CLANG_WARN_INT_CONVERSION = YES;
				CLANG_WARN_OBJC_ROOT_CLASS = YES_ERROR;
				CLANG_WARN_UNREACHABLE_CODE = YES;
				CLANG_WARN__DUPLICATE_METHOD_MATCH = YES;
				CODE_SIGN_IDENTITY = "-";
				COPY_PHASE_STRIP = NO;
				DEBUG_INFORMATION_FORMAT = "dwarf-with-dsym";
				ENABLE_NS_ASSERTIONS = NO;
				ENABLE_STRICT_OBJC_MSGSEND = YES;
				GCC_C_LANGUAGE_STANDARD = gnu99;
				GCC_NO_COMMON_BLOCKS = YES;
				GCC_WARN_64_TO_32_BIT_CONVERSION = YES;
				GCC_WARN_ABOUT_RETURN_TYPE = YES_ERROR;
				GCC_WARN_UNDECLARED_SELECTOR = YES;
				GCC_WARN_UNINITIALIZED_AUTOS = YES_AGGRESSIVE;
				GCC_WARN_UNUSED_FUNCTION = YES;
				GCC_WARN_UNUSED_VARIABLE = YES;
				MACOSX_DEPLOYMENT_TARGET = 10.11;
				MTL_ENABLE_DEBUG_INFO = NO;
				SDKROOT = macosx;
			};
			name = Release;
		};
		A0704D381C51440000B9300B /* Debug */ = {
			isa = XCBuildConfiguration;
			buildSettings = {
				CLANG_ENABLE_OBJC_ARC = NO;
				PRODUCT_NAME = "$(TARGET_NAME)";
			};
			name = Debug;
		};
		A0704D391C51440000B9300B /* Release */ = {
			isa = XCBuildConfiguration;
			buildSettings = {
				CLANG_ENABLE_OBJC_ARC = NO;
				PRODUCT_NAME = "$(TARGET_NAME)";
			};
			name = Release;
		};
/* End XCBuildConfiguration section */

/* Begin XCConfigurationList section */
		A0704D2B1C51440000B9300B /* Build configuration list for PBXProject "iOSTestOne" */ = {
			isa = XCConfigurationList;
			buildConfigurations = (
				A0704D351C51440000B9300B /* Debug */,
				A0704D361C51440000B9300B /* Release */,
			);
			defaultConfigurationIsVisible = 0;
			defaultConfigurationName = Release;
		};
		A0704D371C51440000B9300B /* Build configuration list for PBXNativeTarget "iOSTestOne" */ = {
			isa = XCConfigurationList;
			buildConfigurations = (
				A0704D381C51440000B9300B /* Debug */,
				A0704D391C51440000B9300B /* Release */,
			);
			defaultConfigurationIsVisible = 0;
			defaultConfigurationName = Release;
		};
/* End XCConfigurationList section */
	};
	rootObject = A0704D281C51440000B9300B /* Project object */;
}
